
Microsoft Visual Studio Solution File, Format Version 12.00
# Visual Studio Version 16
VisualStudioVersion = 16.0.29411.108
MinimumVisualStudioVersion = 10.0.40219.1
Project("{FAE04EC0-301F-11D3-BF4B-00C04F79EFBC}") = "BingWallpaperFetch", "BingWallpaperFetch\BingWallpaperFetch.csproj", "{9724EB58-2585-4358-8E1E-849B9B96FCA7}"
EndProject
Global
	GlobalSection(SolutionConfigurationPlatforms) = preSolution
		Debug|Any CPU = Debug|Any CPU
		Release|Any CPU = Release|Any CPU
	EndGlobalSection
	GlobalSection(ProjectConfigurationPlatforms) = postSolution
		{9724EB58-2585-4358-8E1E-849B9B96FCA7}.Debug|Any CPU.ActiveCfg = Debug|Any CPU
		{9724EB58-2585-4358-8E1E-849B9B96FCA7}.Debug|Any CPU.Build.0 = Debug|Any CPU
		{9724EB58-2585-4358-8E1E-849B9B96FCA7}.Release|Any CPU.ActiveCfg = Release|Any CPU
		{9724EB58-2585-4358-8E1E-849B9B96FCA7}.Release|Any CPU.Build.0 = Release|Any CPU
	EndGlobalSection
	GlobalSection(SolutionProperties) = preSolution
		HideSolutionNode = FALSE
	EndGlobalSection
	GlobalSection(ExtensibilityGlobals) = postSolution
		SolutionGuid = {82B5F120-D178-48E9-BE54-46D9B2420351}
	EndGlobalSection
EndGlobal
